// !$*UTF8*$!
{
	archiveVersion = 1;
	classes = {
	};
	objectVersion = 51;
	objects = {

/* Begin PBXBuildFile section */
		57B32FFAC1D451ACA78362A3 /* Pods_instapass_guard.framework in Frameworks */ = {isa = PBXBuildFile; fileRef = 083FE2A2BC5C127FEAFB14FD /* Pods_instapass_guard.framework */; };
		82ACD892942DCEDBE6610341 /* Pods_instapass_guardTests.framework in Frameworks */ = {isa = PBXBuildFile; fileRef = 77999AFF8ED6DBDF28351B01 /* Pods_instapass_guardTests.framework */; };
		8A5F2C20245303BC003E636C /* AppDelegate.swift in Sources */ = {isa = PBXBuildFile; fileRef = 8A5F2C1F245303BC003E636C /* AppDelegate.swift */; };
		8A5F2C22245303BC003E636C /* SceneDelegate.swift in Sources */ = {isa = PBXBuildFile; fileRef = 8A5F2C21245303BC003E636C /* SceneDelegate.swift */; };
		8A5F2C24245303BC003E636C /* ScanViewController.swift in Sources */ = {isa = PBXBuildFile; fileRef = 8A5F2C23245303BC003E636C /* ScanViewController.swift */; };
		8A5F2C29245303BC003E636C /* Main.storyboard in Resources */ = {isa = PBXBuildFile; fileRef = 8A5F2C27245303BC003E636C /* Main.storyboard */; };
		8A5F2C2B245303BD003E636C /* Assets.xcassets in Resources */ = {isa = PBXBuildFile; fileRef = 8A5F2C2A245303BD003E636C /* Assets.xcassets */; };
		8A5F2C2E245303BD003E636C /* LaunchScreen.storyboard in Resources */ = {isa = PBXBuildFile; fileRef = 8A5F2C2C245303BD003E636C /* LaunchScreen.storyboard */; };
		8A5F2C39245303BD003E636C /* instapass_guardTests.swift in Sources */ = {isa = PBXBuildFile; fileRef = 8A5F2C38245303BD003E636C /* instapass_guardTests.swift */; };
/* End PBXBuildFile section */

/* Begin PBXContainerItemProxy section */
		8A5F2C35245303BD003E636C /* PBXContainerItemProxy */ = {
			isa = PBXContainerItemProxy;
			containerPortal = 8A5F2C14245303BC003E636C /* Project object */;
			proxyType = 1;
			remoteGlobalIDString = 8A5F2C1B245303BC003E636C;
			remoteInfo = "instapass-guard";
		};
/* End PBXContainerItemProxy section */

/* Begin PBXFileReference section */
		083FE2A2BC5C127FEAFB14FD /* Pods_instapass_guard.framework */ = {isa = PBXFileReference; explicitFileType = wrapper.framework; includeInIndex = 0; path = Pods_instapass_guard.framework; sourceTree = BUILT_PRODUCTS_DIR; };
		08ED6AFFE276571FE8B95CB3 /* Pods-instapass-guardTests.debug.xcconfig */ = {isa = PBXFileReference; includeInIndex = 1; lastKnownFileType = text.xcconfig; name = "Pods-instapass-guardTests.debug.xcconfig"; path = "Target Support Files/Pods-instapass-guardTests/Pods-instapass-guardTests.debug.xcconfig"; sourceTree = "<group>"; };
		3BEA930918EC248EF3EEB851 /* Pods-instapass-guardTests.release.xcconfig */ = {isa = PBXFileReference; includeInIndex = 1; lastKnownFileType = text.xcconfig; name = "Pods-instapass-guardTests.release.xcconfig"; path = "Target Support Files/Pods-instapass-guardTests/Pods-instapass-guardTests.release.xcconfig"; sourceTree = "<group>"; };
		77999AFF8ED6DBDF28351B01 /* Pods_instapass_guardTests.framework */ = {isa = PBXFileReference; explicitFileType = wrapper.framework; includeInIndex = 0; path = Pods_instapass_guardTests.framework; sourceTree = BUILT_PRODUCTS_DIR; };
		8A5F2C1C245303BC003E636C /* InstaPass (Guard).app */ = {isa = PBXFileReference; explicitFileType = wrapper.application; includeInIndex = 0; path = "InstaPass (Guard).app"; sourceTree = BUILT_PRODUCTS_DIR; };
		8A5F2C1F245303BC003E636C /* AppDelegate.swift */ = {isa = PBXFileReference; lastKnownFileType = sourcecode.swift; path = AppDelegate.swift; sourceTree = "<group>"; };
		8A5F2C21245303BC003E636C /* SceneDelegate.swift */ = {isa = PBXFileReference; lastKnownFileType = sourcecode.swift; path = SceneDelegate.swift; sourceTree = "<group>"; };
		8A5F2C23245303BC003E636C /* ScanViewController.swift */ = {isa = PBXFileReference; lastKnownFileType = sourcecode.swift; path = ScanViewController.swift; sourceTree = "<group>"; };
		8A5F2C28245303BC003E636C /* Base */ = {isa = PBXFileReference; lastKnownFileType = file.storyboard; name = Base; path = Base.lproj/Main.storyboard; sourceTree = "<group>"; };
		8A5F2C2A245303BD003E636C /* Assets.xcassets */ = {isa = PBXFileReference; lastKnownFileType = folder.assetcatalog; path = Assets.xcassets; sourceTree = "<group>"; };
		8A5F2C2D245303BD003E636C /* Base */ = {isa = PBXFileReference; lastKnownFileType = file.storyboard; name = Base; path = Base.lproj/LaunchScreen.storyboard; sourceTree = "<group>"; };
		8A5F2C2F245303BD003E636C /* Info.plist */ = {isa = PBXFileReference; lastKnownFileType = text.plist.xml; path = Info.plist; sourceTree = "<group>"; };
		8A5F2C34245303BD003E636C /* instapass-guardTests.xctest */ = {isa = PBXFileReference; explicitFileType = wrapper.cfbundle; includeInIndex = 0; path = "instapass-guardTests.xctest"; sourceTree = BUILT_PRODUCTS_DIR; };
		8A5F2C38245303BD003E636C /* instapass_guardTests.swift */ = {isa = PBXFileReference; lastKnownFileType = sourcecode.swift; path = instapass_guardTests.swift; sourceTree = "<group>"; };
		8A5F2C3A245303BD003E636C /* Info.plist */ = {isa = PBXFileReference; lastKnownFileType = text.plist.xml; path = Info.plist; sourceTree = "<group>"; };
		B1D5F574E1F290EDC011291A /* Pods-instapass-guard.debug.xcconfig */ = {isa = PBXFileReference; includeInIndex = 1; lastKnownFileType = text.xcconfig; name = "Pods-instapass-guard.debug.xcconfig"; path = "Target Support Files/Pods-instapass-guard/Pods-instapass-guard.debug.xcconfig"; sourceTree = "<group>"; };
		FAD101A56FABCCBC4824824F /* Pods-instapass-guard.release.xcconfig */ = {isa = PBXFileReference; includeInIndex = 1; lastKnownFileType = text.xcconfig; name = "Pods-instapass-guard.release.xcconfig"; path = "Target Support Files/Pods-instapass-guard/Pods-instapass-guard.release.xcconfig"; sourceTree = "<group>"; };
/* End PBXFileReference section */

/* Begin PBXFrameworksBuildPhase section */
		8A5F2C19245303BC003E636C /* Frameworks */ = {
			isa = PBXFrameworksBuildPhase;
			buildActionMask = 2147483647;
			files = (
				57B32FFAC1D451ACA78362A3 /* Pods_instapass_guard.framework in Frameworks */,
			);
			runOnlyForDeploymentPostprocessing = 0;
		};
		8A5F2C31245303BD003E636C /* Frameworks */ = {
			isa = PBXFrameworksBuildPhase;
			buildActionMask = 2147483647;
			files = (
				82ACD892942DCEDBE6610341 /* Pods_instapass_guardTests.framework in Frameworks */,
			);
			runOnlyForDeploymentPostprocessing = 0;
		};
/* End PBXFrameworksBuildPhase section */

/* Begin PBXGroup section */
		3A1712AD283C813F20FBE600 /* Frameworks */ = {
			isa = PBXGroup;
			children = (
				083FE2A2BC5C127FEAFB14FD /* Pods_instapass_guard.framework */,
				77999AFF8ED6DBDF28351B01 /* Pods_instapass_guardTests.framework */,
			);
			name = Frameworks;
			sourceTree = "<group>";
		};
		8A5F2C13245303BC003E636C = {
			isa = PBXGroup;
			children = (
				8A5F2C1E245303BC003E636C /* instapass-guard */,
				8A5F2C37245303BD003E636C /* instapass-guardTests */,
				8A5F2C1D245303BC003E636C /* Products */,
				998FA45315F2D182A142B138 /* Pods */,
				3A1712AD283C813F20FBE600 /* Frameworks */,
			);
			sourceTree = "<group>";
		};
		8A5F2C1D245303BC003E636C /* Products */ = {
			isa = PBXGroup;
			children = (
				8A5F2C1C245303BC003E636C /* InstaPass (Guard).app */,
				8A5F2C34245303BD003E636C /* instapass-guardTests.xctest */,
			);
			name = Products;
			sourceTree = "<group>";
		};
		8A5F2C1E245303BC003E636C /* instapass-guard */ = {
			isa = PBXGroup;
			children = (
				8A9F444C245477150005FD01 /* Delegate */,
				8A9F444B2454770F0005FD01 /* VC */,
				8A5F2C27245303BC003E636C /* Main.storyboard */,
				8A5F2C2A245303BD003E636C /* Assets.xcassets */,
				8A5F2C2C245303BD003E636C /* LaunchScreen.storyboard */,
				8A5F2C2F245303BD003E636C /* Info.plist */,
			);
			path = "instapass-guard";
			sourceTree = "<group>";
		};
		8A5F2C37245303BD003E636C /* instapass-guardTests */ = {
			isa = PBXGroup;
			children = (
				8A5F2C38245303BD003E636C /* instapass_guardTests.swift */,
				8A5F2C3A245303BD003E636C /* Info.plist */,
			);
			path = "instapass-guardTests";
			sourceTree = "<group>";
		};
		8A9F444B2454770F0005FD01 /* VC */ = {
			isa = PBXGroup;
			children = (
				8A5F2C23245303BC003E636C /* ScanViewController.swift */,
			);
			path = VC;
			sourceTree = "<group>";
		};
		8A9F444C245477150005FD01 /* Delegate */ = {
			isa = PBXGroup;
			children = (
				8A5F2C1F245303BC003E636C /* AppDelegate.swift */,
				8A5F2C21245303BC003E636C /* SceneDelegate.swift */,
			);
			path = Delegate;
			sourceTree = "<group>";
		};
		998FA45315F2D182A142B138 /* Pods */ = {
			isa = PBXGroup;
			children = (
				B1D5F574E1F290EDC011291A /* Pods-instapass-guard.debug.xcconfig */,
				FAD101A56FABCCBC4824824F /* Pods-instapass-guard.release.xcconfig */,
				08ED6AFFE276571FE8B95CB3 /* Pods-instapass-guardTests.debug.xcconfig */,
				3BEA930918EC248EF3EEB851 /* Pods-instapass-guardTests.release.xcconfig */,
			);
			path = Pods;
			sourceTree = "<group>";
		};
/* End PBXGroup section */

/* Begin PBXNativeTarget section */
		8A5F2C1B245303BC003E636C /* instapass-guard */ = {
			isa = PBXNativeTarget;
			buildConfigurationList = 8A5F2C3D245303BD003E636C /* Build configuration list for PBXNativeTarget "instapass-guard" */;
			buildPhases = (
				4D5E3F5ABD25C041D95F228C /* [CP] Check Pods Manifest.lock */,
				8A5F2C18245303BC003E636C /* Sources */,
				8A5F2C19245303BC003E636C /* Frameworks */,
				8A5F2C1A245303BC003E636C /* Resources */,
				B25FB042D8AEBA074E4E8625 /* [CP] Embed Pods Frameworks */,
			);
			buildRules = (
			);
			dependencies = (
			);
			name = "instapass-guard";
			productName = "instapass-guard";
			productReference = 8A5F2C1C245303BC003E636C /* InstaPass (Guard).app */;
			productType = "com.apple.product-type.application";
		};
		8A5F2C33245303BD003E636C /* instapass-guardTests */ = {
			isa = PBXNativeTarget;
			buildConfigurationList = 8A5F2C40245303BD003E636C /* Build configuration list for PBXNativeTarget "instapass-guardTests" */;
			buildPhases = (
				7373B80AA0654D33185ABD41 /* [CP] Check Pods Manifest.lock */,
				8A5F2C30245303BD003E636C /* Sources */,
				8A5F2C31245303BD003E636C /* Frameworks */,
				8A5F2C32245303BD003E636C /* Resources */,
			);
			buildRules = (
			);
			dependencies = (
				8A5F2C36245303BD003E636C /* PBXTargetDependency */,
			);
			name = "instapass-guardTests";
			productName = "instapass-guardTests";
			productReference = 8A5F2C34245303BD003E636C /* instapass-guardTests.xctest */;
			productType = "com.apple.product-type.bundle.unit-test";
		};
/* End PBXNativeTarget section */

/* Begin PBXProject section */
		8A5F2C14245303BC003E636C /* Project object */ = {
			isa = PBXProject;
			attributes = {
				LastSwiftUpdateCheck = 1130;
				LastUpgradeCheck = 1130;
				ORGANIZATIONNAME = yuetsin;
				TargetAttributes = {
					8A5F2C1B245303BC003E636C = {
						CreatedOnToolsVersion = 11.3.1;
					};
					8A5F2C33245303BD003E636C = {
						CreatedOnToolsVersion = 11.3.1;
						TestTargetID = 8A5F2C1B245303BC003E636C;
					};
				};
			};
			buildConfigurationList = 8A5F2C17245303BC003E636C /* Build configuration list for PBXProject "instapass-guard" */;
			compatibilityVersion = "Xcode 9.3";
			developmentRegion = en;
			hasScannedForEncodings = 0;
			knownRegions = (
				en,
				Base,
			);
			mainGroup = 8A5F2C13245303BC003E636C;
			productRefGroup = 8A5F2C1D245303BC003E636C /* Products */;
			projectDirPath = "";
			projectRoot = "";
			targets = (
				8A5F2C1B245303BC003E636C /* instapass-guard */,
				8A5F2C33245303BD003E636C /* instapass-guardTests */,
			);
		};
/* End PBXProject section */

/* Begin PBXResourcesBuildPhase section */
		8A5F2C1A245303BC003E636C /* Resources */ = {
			isa = PBXResourcesBuildPhase;
			buildActionMask = 2147483647;
			files = (
				8A5F2C2E245303BD003E636C /* LaunchScreen.storyboard in Resources */,
				8A5F2C2B245303BD003E636C /* Assets.xcassets in Resources */,
				8A5F2C29245303BC003E636C /* Main.storyboard in Resources */,
			);
			runOnlyForDeploymentPostprocessing = 0;
		};
		8A5F2C32245303BD003E636C /* Resources */ = {
			isa = PBXResourcesBuildPhase;
			buildActionMask = 2147483647;
			files = (
			);
			runOnlyForDeploymentPostprocessing = 0;
		};
/* End PBXResourcesBuildPhase section */

/* Begin PBXShellScriptBuildPhase section */
		4D5E3F5ABD25C041D95F228C /* [CP] Check Pods Manifest.lock */ = {
			isa = PBXShellScriptBuildPhase;
			buildActionMask = 2147483647;
			files = (
			);
			inputFileListPaths = (
			);
			inputPaths = (
				"${PODS_PODFILE_DIR_PATH}/Podfile.lock",
				"${PODS_ROOT}/Manifest.lock",
			);
			name = "[CP] Check Pods Manifest.lock";
			outputFileListPaths = (
			);
			outputPaths = (
				"$(DERIVED_FILE_DIR)/Pods-instapass-guard-checkManifestLockResult.txt",
			);
			runOnlyForDeploymentPostprocessing = 0;
			shellPath = /bin/sh;
			shellScript = "diff \"${PODS_PODFILE_DIR_PATH}/Podfile.lock\" \"${PODS_ROOT}/Manifest.lock\" > /dev/null\nif [ $? != 0 ] ; then\n    # print error to STDERR\n    echo \"error: The sandbox is not in sync with the Podfile.lock. Run 'pod install' or update your CocoaPods installation.\" >&2\n    exit 1\nfi\n# This output is used by Xcode 'outputs' to avoid re-running this script phase.\necho \"SUCCESS\" > \"${SCRIPT_OUTPUT_FILE_0}\"\n";
			showEnvVarsInLog = 0;
		};
		7373B80AA0654D33185ABD41 /* [CP] Check Pods Manifest.lock */ = {
			isa = PBXShellScriptBuildPhase;
			buildActionMask = 2147483647;
			files = (
			);
			inputFileListPaths = (
			);
			inputPaths = (
				"${PODS_PODFILE_DIR_PATH}/Podfile.lock",
				"${PODS_ROOT}/Manifest.lock",
			);
			name = "[CP] Check Pods Manifest.lock";
			outputFileListPaths = (
			);
			outputPaths = (
				"$(DERIVED_FILE_DIR)/Pods-instapass-guardTests-checkManifestLockResult.txt",
			);
			runOnlyForDeploymentPostprocessing = 0;
			shellPath = /bin/sh;
			shellScript = "diff \"${PODS_PODFILE_DIR_PATH}/Podfile.lock\" \"${PODS_ROOT}/Manifest.lock\" > /dev/null\nif [ $? != 0 ] ; then\n    # print error to STDERR\n    echo \"error: The sandbox is not in sync with the Podfile.lock. Run 'pod install' or update your CocoaPods installation.\" >&2\n    exit 1\nfi\n# This output is used by Xcode 'outputs' to avoid re-running this script phase.\necho \"SUCCESS\" > \"${SCRIPT_OUTPUT_FILE_0}\"\n";
			showEnvVarsInLog = 0;
		};
		B25FB042D8AEBA074E4E8625 /* [CP] Embed Pods Frameworks */ = {
			isa = PBXShellScriptBuildPhase;
			buildActionMask = 2147483647;
			files = (
			);
			inputFileListPaths = (
				"${PODS_ROOT}/Target Support Files/Pods-instapass-guard/Pods-instapass-guard-frameworks-${CONFIGURATION}-input-files.xcfilelist",
			);
			name = "[CP] Embed Pods Frameworks";
			outputFileListPaths = (
				"${PODS_ROOT}/Target Support Files/Pods-instapass-guard/Pods-instapass-guard-frameworks-${CONFIGURATION}-output-files.xcfilelist",
			);
			runOnlyForDeploymentPostprocessing = 0;
			shellPath = /bin/sh;
			shellScript = "\"${PODS_ROOT}/Target Support Files/Pods-instapass-guard/Pods-instapass-guard-frameworks.sh\"\n";
			showEnvVarsInLog = 0;
		};
/* End PBXShellScriptBuildPhase section */

/* Begin PBXSourcesBuildPhase section */
		8A5F2C18245303BC003E636C /* Sources */ = {
			isa = PBXSourcesBuildPhase;
			buildActionMask = 2147483647;
			files = (
				8A5F2C24245303BC003E636C /* ScanViewController.swift in Sources */,
				8A5F2C20245303BC003E636C /* AppDelegate.swift in Sources */,
				8A5F2C22245303BC003E636C /* SceneDelegate.swift in Sources */,
			);
			runOnlyForDeploymentPostprocessing = 0;
		};
		8A5F2C30245303BD003E636C /* Sources */ = {
			isa = PBXSourcesBuildPhase;
			buildActionMask = 2147483647;
			files = (
				8A5F2C39245303BD003E636C /* instapass_guardTests.swift in Sources */,
			);
			runOnlyForDeploymentPostprocessing = 0;
		};
/* End PBXSourcesBuildPhase section */

/* Begin PBXTargetDependency section */
		8A5F2C36245303BD003E636C /* PBXTargetDependency */ = {
			isa = PBXTargetDependency;
			target = 8A5F2C1B245303BC003E636C /* instapass-guard */;
			targetProxy = 8A5F2C35245303BD003E636C /* PBXContainerItemProxy */;
		};
/* End PBXTargetDependency section */

/* Begin PBXVariantGroup section */
		8A5F2C27245303BC003E636C /* Main.storyboard */ = {
			isa = PBXVariantGroup;
			children = (
				8A5F2C28245303BC003E636C /* Base */,
			);
			name = Main.storyboard;
			sourceTree = "<group>";
		};
		8A5F2C2C245303BD003E636C /* LaunchScreen.storyboard */ = {
			isa = PBXVariantGroup;
			children = (
				8A5F2C2D245303BD003E636C /* Base */,
			);
			name = LaunchScreen.storyboard;
			sourceTree = "<group>";
		};
/* End PBXVariantGroup section */

/* Begin XCBuildConfiguration section */
		8A5F2C3B245303BD003E636C /* Debug */ = {
			isa = XCBuildConfiguration;
			buildSettings = {
				ALWAYS_SEARCH_USER_PATHS = NO;
				CLANG_ANALYZER_NONNULL = YES;
				CLANG_ANALYZER_NUMBER_OBJECT_CONVERSION = YES_AGGRESSIVE;
				CLANG_CXX_LANGUAGE_STANDARD = "gnu++14";
				CLANG_CXX_LIBRARY = "libc++";
				CLANG_ENABLE_MODULES = YES;
				CLANG_ENABLE_OBJC_ARC = YES;
				CLANG_ENABLE_OBJC_WEAK = YES;
				CLANG_WARN_BLOCK_CAPTURE_AUTORELEASING = YES;
				CLANG_WARN_BOOL_CONVERSION = YES;
				CLANG_WARN_COMMA = YES;
				CLANG_WARN_CONSTANT_CONVERSION = YES;
				CLANG_WARN_DEPRECATED_OBJC_IMPLEMENTATIONS = YES;
				CLANG_WARN_DIRECT_OBJC_ISA_USAGE = YES_ERROR;
				CLANG_WARN_DOCUMENTATION_COMMENTS = YES;
				CLANG_WARN_EMPTY_BODY = YES;
				CLANG_WARN_ENUM_CONVERSION = YES;
				CLANG_WARN_INFINITE_RECURSION = YES;
				CLANG_WARN_INT_CONVERSION = YES;
				CLANG_WARN_NON_LITERAL_NULL_CONVERSION = YES;
				CLANG_WARN_OBJC_IMPLICIT_RETAIN_SELF = YES;
				CLANG_WARN_OBJC_LITERAL_CONVERSION = YES;
				CLANG_WARN_OBJC_ROOT_CLASS = YES_ERROR;
				CLANG_WARN_RANGE_LOOP_ANALYSIS = YES;
				CLANG_WARN_STRICT_PROTOTYPES = YES;
				CLANG_WARN_SUSPICIOUS_MOVE = YES;
				CLANG_WARN_UNGUARDED_AVAILABILITY = YES_AGGRESSIVE;
				CLANG_WARN_UNREACHABLE_CODE = YES;
				CLANG_WARN__DUPLICATE_METHOD_MATCH = YES;
				COPY_PHASE_STRIP = NO;
				DEBUG_INFORMATION_FORMAT = dwarf;
				ENABLE_STRICT_OBJC_MSGSEND = YES;
				ENABLE_TESTABILITY = YES;
				GCC_C_LANGUAGE_STANDARD = gnu11;
				GCC_DYNAMIC_NO_PIC = NO;
				GCC_NO_COMMON_BLOCKS = YES;
				GCC_OPTIMIZATION_LEVEL = 0;
				GCC_PREPROCESSOR_DEFINITIONS = (
					"DEBUG=1",
					"$(inherited)",
				);
				GCC_WARN_64_TO_32_BIT_CONVERSION = YES;
				GCC_WARN_ABOUT_RETURN_TYPE = YES_ERROR;
				GCC_WARN_UNDECLARED_SELECTOR = YES;
				GCC_WARN_UNINITIALIZED_AUTOS = YES_AGGRESSIVE;
				GCC_WARN_UNUSED_FUNCTION = YES;
				GCC_WARN_UNUSED_VARIABLE = YES;
				IPHONEOS_DEPLOYMENT_TARGET = 13.2;
				MTL_ENABLE_DEBUG_INFO = INCLUDE_SOURCE;
				MTL_FAST_MATH = YES;
				ONLY_ACTIVE_ARCH = YES;
				SDKROOT = iphoneos;
				SWIFT_ACTIVE_COMPILATION_CONDITIONS = DEBUG;
				SWIFT_OPTIMIZATION_LEVEL = "-Onone";
			};
			name = Debug;
		};
		8A5F2C3C245303BD003E636C /* Release */ = {
			isa = XCBuildConfiguration;
			buildSettings = {
				ALWAYS_SEARCH_USER_PATHS = NO;
				CLANG_ANALYZER_NONNULL = YES;
				CLANG_ANALYZER_NUMBER_OBJECT_CONVERSION = YES_AGGRESSIVE;
				CLANG_CXX_LANGUAGE_STANDARD = "gnu++14";
				CLANG_CXX_LIBRARY = "libc++";
				CLANG_ENABLE_MODULES = YES;
				CLANG_ENABLE_OBJC_ARC = YES;
				CLANG_ENABLE_OBJC_WEAK = YES;
				CLANG_WARN_BLOCK_CAPTURE_AUTORELEASING = YES;
				CLANG_WARN_BOOL_CONVERSION = YES;
				CLANG_WARN_COMMA = YES;
				CLANG_WARN_CONSTANT_CONVERSION = YES;
				CLANG_WARN_DEPRECATED_OBJC_IMPLEMENTATIONS = YES;
				CLANG_WARN_DIRECT_OBJC_ISA_USAGE = YES_ERROR;
				CLANG_WARN_DOCUMENTATION_COMMENTS = YES;
				CLANG_WARN_EMPTY_BODY = YES;
				CLANG_WARN_ENUM_CONVERSION = YES;
				CLANG_WARN_INFINITE_RECURSION = YES;
				CLANG_WARN_INT_CONVERSION = YES;
				CLANG_WARN_NON_LITERAL_NULL_CONVERSION = YES;
				CLANG_WARN_OBJC_IMPLICIT_RETAIN_SELF = YES;
				CLANG_WARN_OBJC_LITERAL_CONVERSION = YES;
				CLANG_WARN_OBJC_ROOT_CLASS = YES_ERROR;
				CLANG_WARN_RANGE_LOOP_ANALYSIS = YES;
				CLANG_WARN_STRICT_PROTOTYPES = YES;
				CLANG_WARN_SUSPICIOUS_MOVE = YES;
				CLANG_WARN_UNGUARDED_AVAILABILITY = YES_AGGRESSIVE;
				CLANG_WARN_UNREACHABLE_CODE = YES;
				CLANG_WARN__DUPLICATE_METHOD_MATCH = YES;
				COPY_PHASE_STRIP = NO;
				DEBUG_INFORMATION_FORMAT = "dwarf-with-dsym";
				ENABLE_NS_ASSERTIONS = NO;
				ENABLE_STRICT_OBJC_MSGSEND = YES;
				GCC_C_LANGUAGE_STANDARD = gnu11;
				GCC_NO_COMMON_BLOCKS = YES;
				GCC_WARN_64_TO_32_BIT_CONVERSION = YES;
				GCC_WARN_ABOUT_RETURN_TYPE = YES_ERROR;
				GCC_WARN_UNDECLARED_SELECTOR = YES;
				GCC_WARN_UNINITIALIZED_AUTOS = YES_AGGRESSIVE;
				GCC_WARN_UNUSED_FUNCTION = YES;
				GCC_WARN_UNUSED_VARIABLE = YES;
				IPHONEOS_DEPLOYMENT_TARGET = 13.2;
				MTL_ENABLE_DEBUG_INFO = NO;
				MTL_FAST_MATH = YES;
				SDKROOT = iphoneos;
				SWIFT_COMPILATION_MODE = wholemodule;
				SWIFT_OPTIMIZATION_LEVEL = "-O";
				VALIDATE_PRODUCT = YES;
			};
			name = Release;
		};
		8A5F2C3E245303BD003E636C /* Debug */ = {
			isa = XCBuildConfiguration;
			baseConfigurationReference = B1D5F574E1F290EDC011291A /* Pods-instapass-guard.debug.xcconfig */;
			buildSettings = {
				ASSETCATALOG_COMPILER_APPICON_NAME = AppIcon;
				CODE_SIGN_STYLE = Automatic;
				DEVELOPMENT_TEAM = 24XARD42BP;
				INFOPLIST_FILE = "instapass-guard/Info.plist";
				IPHONEOS_DEPLOYMENT_TARGET = 13.0;
				LD_RUNPATH_SEARCH_PATHS = (
					"$(inherited)",
					"@executable_path/Frameworks",
				);
				PRODUCT_BUNDLE_IDENTIFIER = io.github.yuetsin.instapass.guard;
				PRODUCT_NAME = "InstaPass (Guard)";
				SWIFT_VERSION = 5.0;
				TARGETED_DEVICE_FAMILY = "1,2";
			};
			name = Debug;
		};
		8A5F2C3F245303BD003E636C /* Release */ = {
			isa = XCBuildConfiguration;
			baseConfigurationReference = FAD101A56FABCCBC4824824F /* Pods-instapass-guard.release.xcconfig */;
			buildSettings = {
				ASSETCATALOG_COMPILER_APPICON_NAME = AppIcon;
				CODE_SIGN_STYLE = Automatic;
				DEVELOPMENT_TEAM = 24XARD42BP;
				INFOPLIST_FILE = "instapass-guard/Info.plist";
				IPHONEOS_DEPLOYMENT_TARGET = 13.0;
				LD_RUNPATH_SEARCH_PATHS = (
					"$(inherited)",
					"@executable_path/Frameworks",
				);
				PRODUCT_BUNDLE_IDENTIFIER = io.github.yuetsin.instapass.guard;
				PRODUCT_NAME = "InstaPass (Guard)";
				SWIFT_VERSION = 5.0;
				TARGETED_DEVICE_FAMILY = "1,2";
			};
			name = Release;
		};
		8A5F2C41245303BD003E636C /* Debug */ = {
			isa = XCBuildConfiguration;
			baseConfigurationReference = 08ED6AFFE276571FE8B95CB3 /* Pods-instapass-guardTests.debug.xcconfig */;
			buildSettings = {
				ALWAYS_EMBED_SWIFT_STANDARD_LIBRARIES = YES;
				BUNDLE_LOADER = "$(TEST_HOST)";
				CODE_SIGN_STYLE = Automatic;
				DEVELOPMENT_TEAM = 24XARD42BP;
				INFOPLIST_FILE = "instapass-guardTests/Info.plist";
				IPHONEOS_DEPLOYMENT_TARGET = 13.2;
				LD_RUNPATH_SEARCH_PATHS = (
					"$(inherited)",
					"@executable_path/Frameworks",
					"@loader_path/Frameworks",
				);
				PRODUCT_BUNDLE_IDENTIFIER = "io.github.yuetsin.instapass-guardTests";
				PRODUCT_NAME = "$(TARGET_NAME)";
				SWIFT_VERSION = 5.0;
				TARGETED_DEVICE_FAMILY = "1,2";
				TEST_HOST = "$(BUILT_PRODUCTS_DIR)/instapass-guard.app/instapass-guard";
			};
			name = Debug;
		};
		8A5F2C42245303BD003E636C /* Release */ = {
			isa = XCBuildConfiguration;
			baseConfigurationReference = 3BEA930918EC248EF3EEB851 /* Pods-instapass-guardTests.release.xcconfig */;
			buildSettings = {
				ALWAYS_EMBED_SWIFT_STANDARD_LIBRARIES = YES;
				BUNDLE_LOADER = "$(TEST_HOST)";
				CODE_SIGN_STYLE = Automatic;
				DEVELOPMENT_TEAM = 24XARD42BP;
				INFOPLIST_FILE = "instapass-guardTests/Info.plist";
				IPHONEOS_DEPLOYMENT_TARGET = 13.2;
				LD_RUNPATH_SEARCH_PATHS = (
					"$(inherited)",
					"@executable_path/Frameworks",
					"@loader_path/Frameworks",
				);
				PRODUCT_BUNDLE_IDENTIFIER = "io.github.yuetsin.instapass-guardTests";
				PRODUCT_NAME = "$(TARGET_NAME)";
				SWIFT_VERSION = 5.0;
				TARGETED_DEVICE_FAMILY = "1,2";
				TEST_HOST = "$(BUILT_PRODUCTS_DIR)/instapass-guard.app/instapass-guard";
			};
			name = Release;
		};
/* End XCBuildConfiguration section */

/* Begin XCConfigurationList section */
		8A5F2C17245303BC003E636C /* Build configuration list for PBXProject "instapass-guard" */ = {
			isa = XCConfigurationList;
			buildConfigurations = (
				8A5F2C3B245303BD003E636C /* Debug */,
				8A5F2C3C245303BD003E636C /* Release */,
			);
			defaultConfigurationIsVisible = 0;
			defaultConfigurationName = Release;
		};
		8A5F2C3D245303BD003E636C /* Build configuration list for PBXNativeTarget "instapass-guard" */ = {
			isa = XCConfigurationList;
			buildConfigurations = (
				8A5F2C3E245303BD003E636C /* Debug */,
				8A5F2C3F245303BD003E636C /* Release */,
			);
			defaultConfigurationIsVisible = 0;
			defaultConfigurationName = Release;
		};
		8A5F2C40245303BD003E636C /* Build configuration list for PBXNativeTarget "instapass-guardTests" */ = {
			isa = XCConfigurationList;
			buildConfigurations = (
				8A5F2C41245303BD003E636C /* Debug */,
				8A5F2C42245303BD003E636C /* Release */,
			);
			defaultConfigurationIsVisible = 0;
			defaultConfigurationName = Release;
		};
/* End XCConfigurationList section */
	};
	rootObject = 8A5F2C14245303BC003E636C /* Project object */;
}
